
Microsoft Visual Studio Solution File, Format Version 12.00
# Visual Studio Version 17
VisualStudioVersion = 17.2.32519.379
MinimumVisualStudioVersion = 10.0.40219.1
Project("{FAE04EC0-301F-11D3-BF4B-00C04F79EFBC}") = "GestorMercadoCapitalesReact", "GestorMercadoCapitalesReact\GestorMercadoCapitalesReact.csproj", "{E67EC28D-1550-4806-8E42-EC7D487B425A}"
EndProject
Global
	GlobalSection(SolutionConfigurationPlatforms) = preSolution
		Debug|Any CPU = Debug|Any CPU
		Release|Any CPU = Release|Any CPU
	EndGlobalSection
	GlobalSection(ProjectConfigurationPlatforms) = postSolution
		{E67EC28D-1550-4806-8E42-EC7D487B425A}.Debug|Any CPU.ActiveCfg = Debug|Any CPU
		{E67EC28D-1550-4806-8E42-EC7D487B425A}.Debug|Any CPU.Build.0 = Debug|Any CPU
		{E67EC28D-1550-4806-8E42-EC7D487B425A}.Release|Any CPU.ActiveCfg = Release|Any CPU
		{E67EC28D-1550-4806-8E42-EC7D487B425A}.Release|Any CPU.Build.0 = Release|Any CPU
	EndGlobalSection
	GlobalSection(SolutionProperties) = preSolution
		HideSolutionNode = FALSE
	EndGlobalSection
	GlobalSection(ExtensibilityGlobals) = postSolution
		SolutionGuid = {0C3B4A6A-E7AE-4412-A7C3-92822C03B4C7}
	EndGlobalSection
EndGlobal
